// !$*UTF8*$!
{
	archiveVersion = 1;
	classes = {
	};
	objectVersion = 56;
	objects = {

/* Begin PBXBuildFile section */
		CB839AF62BDC6D9A00D889D9 /* StyzingApp.swift in Sources */ = {isa = PBXBuildFile; fileRef = CB839AF52BDC6D9A00D889D9 /* StyzingApp.swift */; };
		CB839AF82BDC6D9A00D889D9 /* ContentView.swift in Sources */ = {isa = PBXBuildFile; fileRef = CB839AF72BDC6D9A00D889D9 /* ContentView.swift */; };
		CB839AFA2BDC6D9D00D889D9 /* Assets.xcassets in Resources */ = {isa = PBXBuildFile; fileRef = CB839AF92BDC6D9D00D889D9 /* Assets.xcassets */; };
		CB839AFD2BDC6D9D00D889D9 /* Preview Assets.xcassets in Resources */ = {isa = PBXBuildFile; fileRef = CB839AFC2BDC6D9D00D889D9 /* Preview Assets.xcassets */; };
		CB839B072BDC6D9D00D889D9 /* StyzingTests.swift in Sources */ = {isa = PBXBuildFile; fileRef = CB839B062BDC6D9D00D889D9 /* StyzingTests.swift */; };
		CB839B112BDC6D9D00D889D9 /* StyzingUITests.swift in Sources */ = {isa = PBXBuildFile; fileRef = CB839B102BDC6D9D00D889D9 /* StyzingUITests.swift */; };
		CB839B132BDC6D9D00D889D9 /* StyzingUITestsLaunchTests.swift in Sources */ = {isa = PBXBuildFile; fileRef = CB839B122BDC6D9D00D889D9 /* StyzingUITestsLaunchTests.swift */; };
		CB839B222BE4677200D889D9 /* CameraService.swift in Sources */ = {isa = PBXBuildFile; fileRef = CB839B212BE4677200D889D9 /* CameraService.swift */; };
/* End PBXBuildFile section */

/* Begin PBXContainerItemProxy section */
		CB839B032BDC6D9D00D889D9 /* PBXContainerItemProxy */ = {
			isa = PBXContainerItemProxy;
			containerPortal = CB839AEA2BDC6D9A00D889D9 /* Project object */;
			proxyType = 1;
			remoteGlobalIDString = CB839AF12BDC6D9A00D889D9;
			remoteInfo = Styzing;
		};
		CB839B0D2BDC6D9D00D889D9 /* PBXContainerItemProxy */ = {
			isa = PBXContainerItemProxy;
			containerPortal = CB839AEA2BDC6D9A00D889D9 /* Project object */;
			proxyType = 1;
			remoteGlobalIDString = CB839AF12BDC6D9A00D889D9;
			remoteInfo = Styzing;
		};
/* End PBXContainerItemProxy section */

/* Begin PBXFileReference section */
		CB839AF22BDC6D9A00D889D9 /* Styzing.app */ = {isa = PBXFileReference; explicitFileType = wrapper.application; includeInIndex = 0; path = Styzing.app; sourceTree = BUILT_PRODUCTS_DIR; };
		CB839AF52BDC6D9A00D889D9 /* StyzingApp.swift */ = {isa = PBXFileReference; lastKnownFileType = sourcecode.swift; path = StyzingApp.swift; sourceTree = "<group>"; };
		CB839AF72BDC6D9A00D889D9 /* ContentView.swift */ = {isa = PBXFileReference; lastKnownFileType = sourcecode.swift; path = ContentView.swift; sourceTree = "<group>"; };
		CB839AF92BDC6D9D00D889D9 /* Assets.xcassets */ = {isa = PBXFileReference; lastKnownFileType = folder.assetcatalog; path = Assets.xcassets; sourceTree = "<group>"; };
		CB839AFC2BDC6D9D00D889D9 /* Preview Assets.xcassets */ = {isa = PBXFileReference; lastKnownFileType = folder.assetcatalog; path = "Preview Assets.xcassets"; sourceTree = "<group>"; };
		CB839B022BDC6D9D00D889D9 /* StyzingTests.xctest */ = {isa = PBXFileReference; explicitFileType = wrapper.cfbundle; includeInIndex = 0; path = StyzingTests.xctest; sourceTree = BUILT_PRODUCTS_DIR; };
		CB839B062BDC6D9D00D889D9 /* StyzingTests.swift */ = {isa = PBXFileReference; lastKnownFileType = sourcecode.swift; path = StyzingTests.swift; sourceTree = "<group>"; };
		CB839B0C2BDC6D9D00D889D9 /* StyzingUITests.xctest */ = {isa = PBXFileReference; explicitFileType = wrapper.cfbundle; includeInIndex = 0; path = StyzingUITests.xctest; sourceTree = BUILT_PRODUCTS_DIR; };
		CB839B102BDC6D9D00D889D9 /* StyzingUITests.swift */ = {isa = PBXFileReference; lastKnownFileType = sourcecode.swift; path = StyzingUITests.swift; sourceTree = "<group>"; };
		CB839B122BDC6D9D00D889D9 /* StyzingUITestsLaunchTests.swift */ = {isa = PBXFileReference; lastKnownFileType = sourcecode.swift; path = StyzingUITestsLaunchTests.swift; sourceTree = "<group>"; };
		CB839B212BE4677200D889D9 /* CameraService.swift */ = {isa = PBXFileReference; lastKnownFileType = sourcecode.swift; path = CameraService.swift; sourceTree = "<group>"; };
/* End PBXFileReference section */

/* Begin PBXFrameworksBuildPhase section */
		CB839AEF2BDC6D9A00D889D9 /* Frameworks */ = {
			isa = PBXFrameworksBuildPhase;
			buildActionMask = 2147483647;
			files = (
			);
			runOnlyForDeploymentPostprocessing = 0;
		};
		CB839AFF2BDC6D9D00D889D9 /* Frameworks */ = {
			isa = PBXFrameworksBuildPhase;
			buildActionMask = 2147483647;
			files = (
			);
			runOnlyForDeploymentPostprocessing = 0;
		};
		CB839B092BDC6D9D00D889D9 /* Frameworks */ = {
			isa = PBXFrameworksBuildPhase;
			buildActionMask = 2147483647;
			files = (
			);
			runOnlyForDeploymentPostprocessing = 0;
		};
/* End PBXFrameworksBuildPhase section */

/* Begin PBXGroup section */
		CB839AE92BDC6D9A00D889D9 = {
			isa = PBXGroup;
			children = (
				CB839AF42BDC6D9A00D889D9 /* Styzing */,
				CB839B052BDC6D9D00D889D9 /* StyzingTests */,
				CB839B0F2BDC6D9D00D889D9 /* StyzingUITests */,
				CB839AF32BDC6D9A00D889D9 /* Products */,
			);
			sourceTree = "<group>";
		};
		CB839AF32BDC6D9A00D889D9 /* Products */ = {
			isa = PBXGroup;
			children = (
				CB839AF22BDC6D9A00D889D9 /* Styzing.app */,
				CB839B022BDC6D9D00D889D9 /* StyzingTests.xctest */,
				CB839B0C2BDC6D9D00D889D9 /* StyzingUITests.xctest */,
			);
			name = Products;
			sourceTree = "<group>";
		};
		CB839AF42BDC6D9A00D889D9 /* Styzing */ = {
			isa = PBXGroup;
			children = (
				CB839AF52BDC6D9A00D889D9 /* StyzingApp.swift */,
				CB839AF72BDC6D9A00D889D9 /* ContentView.swift */,
				CB839AF92BDC6D9D00D889D9 /* Assets.xcassets */,
				CB839AFB2BDC6D9D00D889D9 /* Preview Content */,
				CB839B212BE4677200D889D9 /* CameraService.swift */,
			);
			path = Styzing;
			sourceTree = "<group>";
		};
		CB839AFB2BDC6D9D00D889D9 /* Preview Content */ = {
			isa = PBXGroup;
			children = (
				CB839AFC2BDC6D9D00D889D9 /* Preview Assets.xcassets */,
			);
			path = "Preview Content";
			sourceTree = "<group>";
		};
		CB839B052BDC6D9D00D889D9 /* StyzingTests */ = {
			isa = PBXGroup;
			children = (
				CB839B062BDC6D9D00D889D9 /* StyzingTests.swift */,
			);
			path = StyzingTests;
			sourceTree = "<group>";
		};
		CB839B0F2BDC6D9D00D889D9 /* StyzingUITests */ = {
			isa = PBXGroup;
			children = (
				CB839B102BDC6D9D00D889D9 /* StyzingUITests.swift */,
				CB839B122BDC6D9D00D889D9 /* StyzingUITestsLaunchTests.swift */,
			);
			path = StyzingUITests;
			sourceTree = "<group>";
		};
/* End PBXGroup section */

/* Begin PBXNativeTarget section */
		CB839AF12BDC6D9A00D889D9 /* Styzing */ = {
			isa = PBXNativeTarget;
			buildConfigurationList = CB839B162BDC6D9D00D889D9 /* Build configuration list for PBXNativeTarget "Styzing" */;
			buildPhases = (
				CB839AEE2BDC6D9A00D889D9 /* Sources */,
				CB839AEF2BDC6D9A00D889D9 /* Frameworks */,
				CB839AF02BDC6D9A00D889D9 /* Resources */,
			);
			buildRules = (
			);
			dependencies = (
			);
			name = Styzing;
			productName = Styzing;
			productReference = CB839AF22BDC6D9A00D889D9 /* Styzing.app */;
			productType = "com.apple.product-type.application";
		};
		CB839B012BDC6D9D00D889D9 /* StyzingTests */ = {
			isa = PBXNativeTarget;
			buildConfigurationList = CB839B192BDC6D9D00D889D9 /* Build configuration list for PBXNativeTarget "StyzingTests" */;
			buildPhases = (
				CB839AFE2BDC6D9D00D889D9 /* Sources */,
				CB839AFF2BDC6D9D00D889D9 /* Frameworks */,
				CB839B002BDC6D9D00D889D9 /* Resources */,
			);
			buildRules = (
			);
			dependencies = (
				CB839B042BDC6D9D00D889D9 /* PBXTargetDependency */,
			);
			name = StyzingTests;
			productName = StyzingTests;
			productReference = CB839B022BDC6D9D00D889D9 /* StyzingTests.xctest */;
			productType = "com.apple.product-type.bundle.unit-test";
		};
		CB839B0B2BDC6D9D00D889D9 /* StyzingUITests */ = {
			isa = PBXNativeTarget;
			buildConfigurationList = CB839B1C2BDC6D9D00D889D9 /* Build configuration list for PBXNativeTarget "StyzingUITests" */;
			buildPhases = (
				CB839B082BDC6D9D00D889D9 /* Sources */,
				CB839B092BDC6D9D00D889D9 /* Frameworks */,
				CB839B0A2BDC6D9D00D889D9 /* Resources */,
			);
			buildRules = (
			);
			dependencies = (
				CB839B0E2BDC6D9D00D889D9 /* PBXTargetDependency */,
			);
			name = StyzingUITests;
			productName = StyzingUITests;
			productReference = CB839B0C2BDC6D9D00D889D9 /* StyzingUITests.xctest */;
			productType = "com.apple.product-type.bundle.ui-testing";
		};
/* End PBXNativeTarget section */

/* Begin PBXProject section */
		CB839AEA2BDC6D9A00D889D9 /* Project object */ = {
			isa = PBXProject;
			attributes = {
				BuildIndependentTargetsInParallel = 1;
				LastSwiftUpdateCheck = 1530;
				LastUpgradeCheck = 1530;
				TargetAttributes = {
					CB839AF12BDC6D9A00D889D9 = {
						CreatedOnToolsVersion = 15.3;
					};
					CB839B012BDC6D9D00D889D9 = {
						CreatedOnToolsVersion = 15.3;
						TestTargetID = CB839AF12BDC6D9A00D889D9;
					};
					CB839B0B2BDC6D9D00D889D9 = {
						CreatedOnToolsVersion = 15.3;
						TestTargetID = CB839AF12BDC6D9A00D889D9;
					};
				};
			};
			buildConfigurationList = CB839AED2BDC6D9A00D889D9 /* Build configuration list for PBXProject "Styzing" */;
			compatibilityVersion = "Xcode 14.0";
			developmentRegion = en;
			hasScannedForEncodings = 0;
			knownRegions = (
				en,
				Base,
			);
			mainGroup = CB839AE92BDC6D9A00D889D9;
			productRefGroup = CB839AF32BDC6D9A00D889D9 /* Products */;
			projectDirPath = "";
			projectRoot = "";
			targets = (
				CB839AF12BDC6D9A00D889D9 /* Styzing */,
				CB839B012BDC6D9D00D889D9 /* StyzingTests */,
				CB839B0B2BDC6D9D00D889D9 /* StyzingUITests */,
			);
		};
/* End PBXProject section */

/* Begin PBXResourcesBuildPhase section */
		CB839AF02BDC6D9A00D889D9 /* Resources */ = {
			isa = PBXResourcesBuildPhase;
			buildActionMask = 2147483647;
			files = (
				CB839AFD2BDC6D9D00D889D9 /* Preview Assets.xcassets in Resources */,
				CB839AFA2BDC6D9D00D889D9 /* Assets.xcassets in Resources */,
			);
			runOnlyForDeploymentPostprocessing = 0;
		};
		CB839B002BDC6D9D00D889D9 /* Resources */ = {
			isa = PBXResourcesBuildPhase;
			buildActionMask = 2147483647;
			files = (
			);
			runOnlyForDeploymentPostprocessing = 0;
		};
		CB839B0A2BDC6D9D00D889D9 /* Resources */ = {
			isa = PBXResourcesBuildPhase;
			buildActionMask = 2147483647;
			files = (
			);
			runOnlyForDeploymentPostprocessing = 0;
		};
/* End PBXResourcesBuildPhase section */

/* Begin PBXSourcesBuildPhase section */
		CB839AEE2BDC6D9A00D889D9 /* Sources */ = {
			isa = PBXSourcesBuildPhase;
			buildActionMask = 2147483647;
			files = (
				CB839AF82BDC6D9A00D889D9 /* ContentView.swift in Sources */,
				CB839AF62BDC6D9A00D889D9 /* StyzingApp.swift in Sources */,
				CB839B222BE4677200D889D9 /* CameraService.swift in Sources */,
			);
			runOnlyForDeploymentPostprocessing = 0;
		};
		CB839AFE2BDC6D9D00D889D9 /* Sources */ = {
			isa = PBXSourcesBuildPhase;
			buildActionMask = 2147483647;
			files = (
				CB839B072BDC6D9D00D889D9 /* StyzingTests.swift in Sources */,
			);
			runOnlyForDeploymentPostprocessing = 0;
		};
		CB839B082BDC6D9D00D889D9 /* Sources */ = {
			isa = PBXSourcesBuildPhase;
			buildActionMask = 2147483647;
			files = (
				CB839B112BDC6D9D00D889D9 /* StyzingUITests.swift in Sources */,
				CB839B132BDC6D9D00D889D9 /* StyzingUITestsLaunchTests.swift in Sources */,
			);
			runOnlyForDeploymentPostprocessing = 0;
		};
/* End PBXSourcesBuildPhase section */

/* Begin PBXTargetDependency section */
		CB839B042BDC6D9D00D889D9 /* PBXTargetDependency */ = {
			isa = PBXTargetDependency;
			target = CB839AF12BDC6D9A00D889D9 /* Styzing */;
			targetProxy = CB839B032BDC6D9D00D889D9 /* PBXContainerItemProxy */;
		};
		CB839B0E2BDC6D9D00D889D9 /* PBXTargetDependency */ = {
			isa = PBXTargetDependency;
			target = CB839AF12BDC6D9A00D889D9 /* Styzing */;
			targetProxy = CB839B0D2BDC6D9D00D889D9 /* PBXContainerItemProxy */;
		};
/* End PBXTargetDependency section */

/* Begin XCBuildConfiguration section */
		CB839B142BDC6D9D00D889D9 /* Debug */ = {
			isa = XCBuildConfiguration;
			buildSettings = {
				ALWAYS_SEARCH_USER_PATHS = NO;
				ASSETCATALOG_COMPILER_GENERATE_SWIFT_ASSET_SYMBOL_EXTENSIONS = YES;
				CLANG_ANALYZER_NONNULL = YES;
				CLANG_ANALYZER_NUMBER_OBJECT_CONVERSION = YES_AGGRESSIVE;
				CLANG_CXX_LANGUAGE_STANDARD = "gnu++20";
				CLANG_ENABLE_MODULES = YES;
				CLANG_ENABLE_OBJC_ARC = YES;
				CLANG_ENABLE_OBJC_WEAK = YES;
				CLANG_WARN_BLOCK_CAPTURE_AUTORELEASING = YES;
				CLANG_WARN_BOOL_CONVERSION = YES;
				CLANG_WARN_COMMA = YES;
				CLANG_WARN_CONSTANT_CONVERSION = YES;
				CLANG_WARN_DEPRECATED_OBJC_IMPLEMENTATIONS = YES;
				CLANG_WARN_DIRECT_OBJC_ISA_USAGE = YES_ERROR;
				CLANG_WARN_DOCUMENTATION_COMMENTS = YES;
				CLANG_WARN_EMPTY_BODY = YES;
				CLANG_WARN_ENUM_CONVERSION = YES;
				CLANG_WARN_INFINITE_RECURSION = YES;
				CLANG_WARN_INT_CONVERSION = YES;
				CLANG_WARN_NON_LITERAL_NULL_CONVERSION = YES;
				CLANG_WARN_OBJC_IMPLICIT_RETAIN_SELF = YES;
				CLANG_WARN_OBJC_LITERAL_CONVERSION = YES;
				CLANG_WARN_OBJC_ROOT_CLASS = YES_ERROR;
				CLANG_WARN_QUOTED_INCLUDE_IN_FRAMEWORK_HEADER = YES;
				CLANG_WARN_RANGE_LOOP_ANALYSIS = YES;
				CLANG_WARN_STRICT_PROTOTYPES = YES;
				CLANG_WARN_SUSPICIOUS_MOVE = YES;
				CLANG_WARN_UNGUARDED_AVAILABILITY = YES_AGGRESSIVE;
				CLANG_WARN_UNREACHABLE_CODE = YES;
				CLANG_WARN__DUPLICATE_METHOD_MATCH = YES;
				COPY_PHASE_STRIP = NO;
				DEBUG_INFORMATION_FORMAT = dwarf;
				ENABLE_STRICT_OBJC_MSGSEND = YES;
				ENABLE_TESTABILITY = YES;
				ENABLE_USER_SCRIPT_SANDBOXING = YES;
				GCC_C_LANGUAGE_STANDARD = gnu17;
				GCC_DYNAMIC_NO_PIC = NO;
				GCC_NO_COMMON_BLOCKS = YES;
				GCC_OPTIMIZATION_LEVEL = 0;
				GCC_PREPROCESSOR_DEFINITIONS = (
					"DEBUG=1",
					"$(inherited)",
				);
				GCC_WARN_64_TO_32_BIT_CONVERSION = YES;
				GCC_WARN_ABOUT_RETURN_TYPE = YES_ERROR;
				GCC_WARN_UNDECLARED_SELECTOR = YES;
				GCC_WARN_UNINITIALIZED_AUTOS = YES_AGGRESSIVE;
				GCC_WARN_UNUSED_FUNCTION = YES;
				GCC_WARN_UNUSED_VARIABLE = YES;
				IPHONEOS_DEPLOYMENT_TARGET = 17.4;
				LOCALIZATION_PREFERS_STRING_CATALOGS = YES;
				MTL_ENABLE_DEBUG_INFO = INCLUDE_SOURCE;
				MTL_FAST_MATH = YES;
				ONLY_ACTIVE_ARCH = YES;
				SDKROOT = iphoneos;
				SWIFT_ACTIVE_COMPILATION_CONDITIONS = "DEBUG $(inherited)";
				SWIFT_OPTIMIZATION_LEVEL = "-Onone";
			};
			name = Debug;
		};
		CB839B152BDC6D9D00D889D9 /* Release */ = {
			isa = XCBuildConfiguration;
			buildSettings = {
				ALWAYS_SEARCH_USER_PATHS = NO;
				ASSETCATALOG_COMPILER_GENERATE_SWIFT_ASSET_SYMBOL_EXTENSIONS = YES;
				CLANG_ANALYZER_NONNULL = YES;
				CLANG_ANALYZER_NUMBER_OBJECT_CONVERSION = YES_AGGRESSIVE;
				CLANG_CXX_LANGUAGE_STANDARD = "gnu++20";
				CLANG_ENABLE_MODULES = YES;
				CLANG_ENABLE_OBJC_ARC = YES;
				CLANG_ENABLE_OBJC_WEAK = YES;
				CLANG_WARN_BLOCK_CAPTURE_AUTORELEASING = YES;
				CLANG_WARN_BOOL_CONVERSION = YES;
				CLANG_WARN_COMMA = YES;
				CLANG_WARN_CONSTANT_CONVERSION = YES;
				CLANG_WARN_DEPRECATED_OBJC_IMPLEMENTATIONS = YES;
				CLANG_WARN_DIRECT_OBJC_ISA_USAGE = YES_ERROR;
				CLANG_WARN_DOCUMENTATION_COMMENTS = YES;
				CLANG_WARN_EMPTY_BODY = YES;
				CLANG_WARN_ENUM_CONVERSION = YES;
				CLANG_WARN_INFINITE_RECURSION = YES;
				CLANG_WARN_INT_CONVERSION = YES;
				CLANG_WARN_NON_LITERAL_NULL_CONVERSION = YES;
				CLANG_WARN_OBJC_IMPLICIT_RETAIN_SELF = YES;
				CLANG_WARN_OBJC_LITERAL_CONVERSION = YES;
				CLANG_WARN_OBJC_ROOT_CLASS = YES_ERROR;
				CLANG_WARN_QUOTED_INCLUDE_IN_FRAMEWORK_HEADER = YES;
				CLANG_WARN_RANGE_LOOP_ANALYSIS = YES;
				CLANG_WARN_STRICT_PROTOTYPES = YES;
				CLANG_WARN_SUSPICIOUS_MOVE = YES;
				CLANG_WARN_UNGUARDED_AVAILABILITY = YES_AGGRESSIVE;
				CLANG_WARN_UNREACHABLE_CODE = YES;
				CLANG_WARN__DUPLICATE_METHOD_MATCH = YES;
				COPY_PHASE_STRIP = NO;
				DEBUG_INFORMATION_FORMAT = "dwarf-with-dsym";
				ENABLE_NS_ASSERTIONS = NO;
				ENABLE_STRICT_OBJC_MSGSEND = YES;
				ENABLE_USER_SCRIPT_SANDBOXING = YES;
				GCC_C_LANGUAGE_STANDARD = gnu17;
				GCC_NO_COMMON_BLOCKS = YES;
				GCC_WARN_64_TO_32_BIT_CONVERSION = YES;
				GCC_WARN_ABOUT_RETURN_TYPE = YES_ERROR;
				GCC_WARN_UNDECLARED_SELECTOR = YES;
				GCC_WARN_UNINITIALIZED_AUTOS = YES_AGGRESSIVE;
				GCC_WARN_UNUSED_FUNCTION = YES;
				GCC_WARN_UNUSED_VARIABLE = YES;
				IPHONEOS_DEPLOYMENT_TARGET = 17.4;
				LOCALIZATION_PREFERS_STRING_CATALOGS = YES;
				MTL_ENABLE_DEBUG_INFO = NO;
				MTL_FAST_MATH = YES;
				SDKROOT = iphoneos;
				SWIFT_COMPILATION_MODE = wholemodule;
				VALIDATE_PRODUCT = YES;
			};
			name = Release;
		};
		CB839B172BDC6D9D00D889D9 /* Debug */ = {
			isa = XCBuildConfiguration;
			buildSettings = {
				ASSETCATALOG_COMPILER_APPICON_NAME = AppIcon;
				ASSETCATALOG_COMPILER_GLOBAL_ACCENT_COLOR_NAME = AccentColor;
				CODE_SIGN_STYLE = Automatic;
				CURRENT_PROJECT_VERSION = 1;
				DEVELOPMENT_ASSET_PATHS = "\"Styzing/Preview Content\"";
				DEVELOPMENT_TEAM = TP35L26A5C;
				ENABLE_PREVIEWS = YES;
				GENERATE_INFOPLIST_FILE = YES;
				INFOPLIST_KEY_UIApplicationSceneManifest_Generation = YES;
				INFOPLIST_KEY_UIApplicationSupportsIndirectInputEvents = YES;
				INFOPLIST_KEY_UILaunchScreen_Generation = YES;
				INFOPLIST_KEY_UISupportedInterfaceOrientations_iPad = "UIInterfaceOrientationPortrait UIInterfaceOrientationPortraitUpsideDown UIInterfaceOrientationLandscapeLeft UIInterfaceOrientationLandscapeRight";
				INFOPLIST_KEY_UISupportedInterfaceOrientations_iPhone = "UIInterfaceOrientationPortrait UIInterfaceOrientationLandscapeLeft UIInterfaceOrientationLandscapeRight";
				LD_RUNPATH_SEARCH_PATHS = (
					"$(inherited)",
					"@executable_path/Frameworks",
				);
				MARKETING_VERSION = 1.0;
				PRODUCT_BUNDLE_IDENTIFIER = com.example.Styzing.Styzing;
				PRODUCT_NAME = "$(TARGET_NAME)";
				SWIFT_EMIT_LOC_STRINGS = YES;
				SWIFT_VERSION = 5.0;
				TARGETED_DEVICE_FAMILY = "1,2";
			};
			name = Debug;
		};
		CB839B182BDC6D9D00D889D9 /* Release */ = {
			isa = XCBuildConfiguration;
			buildSettings = {
				ASSETCATALOG_COMPILER_APPICON_NAME = AppIcon;
				ASSETCATALOG_COMPILER_GLOBAL_ACCENT_COLOR_NAME = AccentColor;
				CODE_SIGN_STYLE = Automatic;
				CURRENT_PROJECT_VERSION = 1;
				DEVELOPMENT_ASSET_PATHS = "\"Styzing/Preview Content\"";
				DEVELOPMENT_TEAM = TP35L26A5C;
				ENABLE_PREVIEWS = YES;
				GENERATE_INFOPLIST_FILE = YES;
				INFOPLIST_KEY_UIApplicationSceneManifest_Generation = YES;
				INFOPLIST_KEY_UIApplicationSupportsIndirectInputEvents = YES;
				INFOPLIST_KEY_UILaunchScreen_Generation = YES;
				INFOPLIST_KEY_UISupportedInterfaceOrientations_iPad = "UIInterfaceOrientationPortrait UIInterfaceOrientationPortraitUpsideDown UIInterfaceOrientationLandscapeLeft UIInterfaceOrientationLandscapeRight";
				INFOPLIST_KEY_UISupportedInterfaceOrientations_iPhone = "UIInterfaceOrientationPortrait UIInterfaceOrientationLandscapeLeft UIInterfaceOrientationLandscapeRight";
				LD_RUNPATH_SEARCH_PATHS = (
					"$(inherited)",
					"@executable_path/Frameworks",
				);
				MARKETING_VERSION = 1.0;
				PRODUCT_BUNDLE_IDENTIFIER = com.example.Styzing.Styzing;
				PRODUCT_NAME = "$(TARGET_NAME)";
				SWIFT_EMIT_LOC_STRINGS = YES;
				SWIFT_VERSION = 5.0;
				TARGETED_DEVICE_FAMILY = "1,2";
			};
			name = Release;
		};
		CB839B1A2BDC6D9D00D889D9 /* Debug */ = {
			isa = XCBuildConfiguration;
			buildSettings = {
				ALWAYS_EMBED_SWIFT_STANDARD_LIBRARIES = YES;
				BUNDLE_LOADER = "$(TEST_HOST)";
				CODE_SIGN_STYLE = Automatic;
				CURRENT_PROJECT_VERSION = 1;
				DEVELOPMENT_TEAM = TP35L26A5C;
				GENERATE_INFOPLIST_FILE = YES;
				IPHONEOS_DEPLOYMENT_TARGET = 17.4;
				MARKETING_VERSION = 1.0;
				PRODUCT_BUNDLE_IDENTIFIER = com.example.Styzing.StyzingTests;
				PRODUCT_NAME = "$(TARGET_NAME)";
				SWIFT_EMIT_LOC_STRINGS = NO;
				SWIFT_VERSION = 5.0;
				TARGETED_DEVICE_FAMILY = "1,2";
				TEST_HOST = "$(BUILT_PRODUCTS_DIR)/Styzing.app/$(BUNDLE_EXECUTABLE_FOLDER_PATH)/Styzing";
			};
			name = Debug;
		};
		CB839B1B2BDC6D9D00D889D9 /* Release */ = {
			isa = XCBuildConfiguration;
			buildSettings = {
				ALWAYS_EMBED_SWIFT_STANDARD_LIBRARIES = YES;
				BUNDLE_LOADER = "$(TEST_HOST)";
				CODE_SIGN_STYLE = Automatic;
				CURRENT_PROJECT_VERSION = 1;
				DEVELOPMENT_TEAM = TP35L26A5C;
				GENERATE_INFOPLIST_FILE = YES;
				IPHONEOS_DEPLOYMENT_TARGET = 17.4;
				MARKETING_VERSION = 1.0;
				PRODUCT_BUNDLE_IDENTIFIER = com.example.Styzing.StyzingTests;
				PRODUCT_NAME = "$(TARGET_NAME)";
				SWIFT_EMIT_LOC_STRINGS = NO;
				SWIFT_VERSION = 5.0;
				TARGETED_DEVICE_FAMILY = "1,2";
				TEST_HOST = "$(BUILT_PRODUCTS_DIR)/Styzing.app/$(BUNDLE_EXECUTABLE_FOLDER_PATH)/Styzing";
			};
			name = Release;
		};
		CB839B1D2BDC6D9D00D889D9 /* Debug */ = {
			isa = XCBuildConfiguration;
			buildSettings = {
				ALWAYS_EMBED_SWIFT_STANDARD_LIBRARIES = YES;
				CODE_SIGN_STYLE = Automatic;
				CURRENT_PROJECT_VERSION = 1;
				DEVELOPMENT_TEAM = TP35L26A5C;
				GENERATE_INFOPLIST_FILE = YES;
				MARKETING_VERSION = 1.0;
				PRODUCT_BUNDLE_IDENTIFIER = com.example.Styzing.StyzingUITests;
				PRODUCT_NAME = "$(TARGET_NAME)";
				SWIFT_EMIT_LOC_STRINGS = NO;
				SWIFT_VERSION = 5.0;
				TARGETED_DEVICE_FAMILY = "1,2";
				TEST_TARGET_NAME = Styzing;
			};
			name = Debug;
		};
		CB839B1E2BDC6D9D00D889D9 /* Release */ = {
			isa = XCBuildConfiguration;
			buildSettings = {
				ALWAYS_EMBED_SWIFT_STANDARD_LIBRARIES = YES;
				CODE_SIGN_STYLE = Automatic;
				CURRENT_PROJECT_VERSION = 1;
				DEVELOPMENT_TEAM = TP35L26A5C;
				GENERATE_INFOPLIST_FILE = YES;
				MARKETING_VERSION = 1.0;
				PRODUCT_BUNDLE_IDENTIFIER = com.example.Styzing.StyzingUITests;
				PRODUCT_NAME = "$(TARGET_NAME)";
				SWIFT_EMIT_LOC_STRINGS = NO;
				SWIFT_VERSION = 5.0;
				TARGETED_DEVICE_FAMILY = "1,2";
				TEST_TARGET_NAME = Styzing;
			};
			name = Release;
		};
/* End XCBuildConfiguration section */

/* Begin XCConfigurationList section */
		CB839AED2BDC6D9A00D889D9 /* Build configuration list for PBXProject "Styzing" */ = {
			isa = XCConfigurationList;
			buildConfigurations = (
				CB839B142BDC6D9D00D889D9 /* Debug */,
				CB839B152BDC6D9D00D889D9 /* Release */,
			);
			defaultConfigurationIsVisible = 0;
			defaultConfigurationName = Release;
		};
		CB839B162BDC6D9D00D889D9 /* Build configuration list for PBXNativeTarget "Styzing" */ = {
			isa = XCConfigurationList;
			buildConfigurations = (
				CB839B172BDC6D9D00D889D9 /* Debug */,
				CB839B182BDC6D9D00D889D9 /* Release */,
			);
			defaultConfigurationIsVisible = 0;
			defaultConfigurationName = Release;
		};
		CB839B192BDC6D9D00D889D9 /* Build configuration list for PBXNativeTarget "StyzingTests" */ = {
			isa = XCConfigurationList;
			buildConfigurations = (
				CB839B1A2BDC6D9D00D889D9 /* Debug */,
				CB839B1B2BDC6D9D00D889D9 /* Release */,
			);
			defaultConfigurationIsVisible = 0;
			defaultConfigurationName = Release;
		};
		CB839B1C2BDC6D9D00D889D9 /* Build configuration list for PBXNativeTarget "StyzingUITests" */ = {
			isa = XCConfigurationList;
			buildConfigurations = (
				CB839B1D2BDC6D9D00D889D9 /* Debug */,
				CB839B1E2BDC6D9D00D889D9 /* Release */,
			);
			defaultConfigurationIsVisible = 0;
			defaultConfigurationName = Release;
		};
/* End XCConfigurationList section */
	};
	rootObject = CB839AEA2BDC6D9A00D889D9 /* Project object */;
}
